<?xml version="1.0" encoding="utf-8"?>
<Project ToolsVersion="4.0" xmlns="http://schemas.microsoft.com/developer/msbuild/2003">
  <ItemGroup>
    <Filter Include="Source Files">
      <UniqueIdentifier>{4FC737F1-C7A5-4376-A066-2A32D752A2FF}</UniqueIdentifier>
      <Extensions>cpp;c;cc;cxx;c++;cppm;ixx;def;odl;idl;hpj;bat;asm;asmx</Extensions>
    </Filter>
    <Filter Include="Header Files">
      <UniqueIdentifier>{93995380-89BD-4b04-88EB-625FBE52EBFB}</UniqueIdentifier>
      <Extensions>h;hh;hpp;hxx;h++;hm;inl;inc;ipp;xsd</Extensions>
    </Filter>
    <Filter Include="Resource Files">
      <UniqueIdentifier>{67DA6AB6-F800-4c08-8B7A-83BB121AAD01}</UniqueIdentifier>
      <Extensions>rc;ico;cur;bmp;dlg;rc2;rct;bin;rgs;gif;jpg;jpeg;jpe;resx;tiff;tif;png;wav;mfcribbon-ms</Extensions>
    </Filter>
    <Filter Include="Source Files\graphics">
      <UniqueIdentifier>{a2140998-a752-4ad4-9ca1-abbd904b7e6d}</UniqueIdentifier>
    </Filter>
    <Filter Include="Source Files\renderer">
      <UniqueIdentifier>{6a8de9c0-6d15-4cf4-be82-f96a831870c3}</UniqueIdentifier>
    </Filter>
    <Filter Include="Header Files\graphics">
      <UniqueIdentifier>{1ad0a582-1d6d-4278-91b3-a0d7a034862b}</UniqueIdentifier>
    </Filter>
    <Filter Include="external">
      <UniqueIdentifier>{e61ab68a-44b1-408c-a0a4-a0b03d8a8806}</UniqueIdentifier>
    </Filter>
    <Filter Include="external\rapidxml">
      <UniqueIdentifier>{854fd328-e58e-474c-a064-38e84f91ffa6}</UniqueIdentifier>
    </Filter>
    <Filter Include="Header Files\renderer">
      <UniqueIdentifier>{f63ec608-c3ce-45ff-801d-8ce1a5ac08bd}</UniqueIdentifier>
    </Filter>
  </ItemGroup>
  <ItemGroup>
    <ClInclude Include="..\SVGDemo\SVGMain\Graphics.hpp">
      <Filter>Header Files</Filter>
    </ClInclude>
    <ClInclude Include="..\SVGDemo\SVGMain\Parser.h">
      <Filter>Header Files</Filter>
    </ClInclude>
    <ClInclude Include="..\SVGDemo\external\rapidxml\rapidxml.hpp">
      <Filter>external\rapidxml</Filter>
    </ClInclude>
    <ClInclude Include="..\SVGDemo\external\rapidxml\rapidxml_iterators.hpp">
      <Filter>external\rapidxml</Filter>
    </ClInclude>
    <ClInclude Include="..\SVGDemo\external\rapidxml\rapidxml_print.hpp">
      <Filter>external\rapidxml</Filter>
    </ClInclude>
    <ClInclude Include="..\SVGDemo\external\rapidxml\rapidxml_utils.hpp">
      <Filter>external\rapidxml</Filter>
    </ClInclude>
    <ClInclude Include="..\SVGDemo\SVGMain\graphics\Circle.h">
      <Filter>Header Files\graphics</Filter>
    </ClInclude>
    <ClInclude Include="..\SVGDemo\SVGMain\graphics\ColorShape.h">
      <Filter>Header Files\graphics</Filter>
    </ClInclude>
    <ClInclude Include="..\SVGDemo\SVGMain\graphics\Ellipse.h">
      <Filter>Header Files\graphics</Filter>
    </ClInclude>
    <ClInclude Include="..\SVGDemo\SVGMain\graphics\Gradient.h">
      <Filter>Header Files\graphics</Filter>
    </ClInclude>
    <ClInclude Include="..\SVGDemo\SVGMain\graphics\Group.h">
      <Filter>Header Files\graphics</Filter>
    </ClInclude>
    <ClInclude Include="..\SVGDemo\SVGMain\graphics\Line.h">
      <Filter>Header Files\graphics</Filter>
    </ClInclude>
    <ClInclude Include="..\SVGDemo\SVGMain\graphics\LinearGradient.h">
      <Filter>Header Files\graphics</Filter>
    </ClInclude>
    <ClInclude Include="..\SVGDemo\SVGMain\graphics\Path.h">
      <Filter>Header Files\graphics</Filter>
    </ClInclude>
    <ClInclude Include="..\SVGDemo\SVGMain\graphics\Polygon.h">
      <Filter>Header Files\graphics</Filter>
    </ClInclude>
    <ClInclude Include="..\SVGDemo\SVGMain\graphics\PolyLine.h">
      <Filter>Header Files\graphics</Filter>
    </ClInclude>
    <ClInclude Include="..\SVGDemo\SVGMain\graphics\PolyShape.h">
      <Filter>Header Files\graphics</Filter>
    </ClInclude>
    <ClInclude Include="..\SVGDemo\SVGMain\graphics\RadialGradient.h">
      <Filter>Header Files\graphics</Filter>
    </ClInclude>
    <ClInclude Include="..\SVGDemo\SVGMain\graphics\Rectangle.h">
      <Filter>Header Files\graphics</Filter>
    </ClInclude>
    <ClInclude Include="..\SVGDemo\SVGMain\graphics\Stop.h">
      <Filter>Header Files\graphics</Filter>
    </ClInclude>
    <ClInclude Include="..\SVGDemo\SVGMain\graphics\Vector2D.hpp">
      <Filter>Header Files\graphics</Filter>
    </ClInclude>
    <ClInclude Include="..\SVGDemo\SVGMain\graphics\Viewbox.h">
      <Filter>Header Files\graphics</Filter>
    </ClInclude>
    <ClInclude Include="..\SVGDemo\SVGMain\Viewer.hpp">
      <Filter>Header Files\graphics</Filter>
    </ClInclude>
    <ClInclude Include="..\SVGDemo\SVGMain\graphics\Text.h">
      <Filter>Header Files\graphics</Filter>
    </ClInclude>
    <ClInclude Include="..\SVGDemo\SVGMain\renderer\BrushUtils.h">
      <Filter>Header Files\renderer</Filter>
    </ClInclude>
    <ClInclude Include="..\SVGDemo\SVGMain\renderer\DrawShape.h">
      <Filter>Header Files\renderer</Filter>
    </ClInclude>
    <ClInclude Include="..\SVGDemo\SVGMain\renderer\Renderer2.hpp">
      <Filter>Header Files\renderer</Filter>
    </ClInclude>
    <ClInclude Include="..\SVGDemo\SVGMain\renderer\TransformUtils.h">
      <Filter>Header Files\renderer</Filter>
    </ClInclude>
    <ClInclude Include="..\SVGDemo\SVGMain\SVGElement.h">
      <Filter>Header Files\graphics</Filter>
    </ClInclude>
  </ItemGroup>
  <ItemGroup>
    <ClCompile Include="..\SVGDemo\SVGMain\main.cpp">
      <Filter>Source Files</Filter>
    </ClCompile>
    <ClCompile Include="..\SVGDemo\SVGMain\Parser.cpp">
      <Filter>Source Files</Filter>
    </ClCompile>
    <ClCompile Include="..\SVGDemo\SVGMain\graphics\Circle.cpp">
      <Filter>Source Files\graphics</Filter>
    </ClCompile>
    <ClCompile Include="..\SVGDemo\SVGMain\graphics\ColorShape.cpp">
      <Filter>Source Files\graphics</Filter>
    </ClCompile>
    <ClCompile Include="..\SVGDemo\SVGMain\graphics\Ellipse.cpp">
      <Filter>Source Files\graphics</Filter>
    </ClCompile>
    <ClCompile Include="..\SVGDemo\SVGMain\graphics\Gradient.cpp">
      <Filter>Source Files\graphics</Filter>
    </ClCompile>
    <ClCompile Include="..\SVGDemo\SVGMain\graphics\Group.cpp">
      <Filter>Source Files\graphics</Filter>
    </ClCompile>
    <ClCompile Include="..\SVGDemo\SVGMain\graphics\Line.cpp">
      <Filter>Source Files\graphics</Filter>
    </ClCompile>
    <ClCompile Include="..\SVGDemo\SVGMain\graphics\LinearGradient.cpp">
      <Filter>Source Files\graphics</Filter>
    </ClCompile>
    <ClCompile Include="..\SVGDemo\SVGMain\graphics\Path.cpp">
      <Filter>Source Files\graphics</Filter>
    </ClCompile>
    <ClCompile Include="..\SVGDemo\SVGMain\graphics\Polygon.cpp">
      <Filter>Source Files\graphics</Filter>
    </ClCompile>
    <ClCompile Include="..\SVGDemo\SVGMain\graphics\PolyLine.cpp">
      <Filter>Source Files\graphics</Filter>
    </ClCompile>
    <ClCompile Include="..\SVGDemo\SVGMain\graphics\PolyShape.cpp">
      <Filter>Source Files\graphics</Filter>
    </ClCompile>
    <ClCompile Include="..\SVGDemo\SVGMain\graphics\RadialGradient.cpp">
      <Filter>Source Files\graphics</Filter>
    </ClCompile>
    <ClCompile Include="..\SVGDemo\SVGMain\graphics\Rectangle.cpp">
      <Filter>Source Files\graphics</Filter>
    </ClCompile>
    <ClCompile Include="..\SVGDemo\SVGMain\graphics\Stop.cpp">
      <Filter>Source Files\graphics</Filter>
    </ClCompile>
    <ClCompile Include="..\SVGDemo\SVGMain\graphics\Text.cpp">
      <Filter>Source Files\graphics</Filter>
    </ClCompile>
    <ClCompile Include="..\SVGDemo\SVGMain\graphics\Viewbox.cpp">
      <Filter>Source Files\graphics</Filter>
    </ClCompile>
    <ClCompile Include="..\SVGDemo\SVGMain\Viewer.cpp">
      <Filter>Source Files\graphics</Filter>
    </ClCompile>
    <ClCompile Include="..\SVGDemo\SVGMain\renderer\BrushUtils.cpp">
      <Filter>Source Files\renderer</Filter>
    </ClCompile>
    <ClCompile Include="..\SVGDemo\SVGMain\renderer\DrawShape.cpp">
      <Filter>Source Files\renderer</Filter>
    </ClCompile>
    <ClCompile Include="..\SVGDemo\SVGMain\renderer\Renderer2.cpp">
      <Filter>Source Files\renderer</Filter>
    </ClCompile>
    <ClCompile Include="..\SVGDemo\SVGMain\renderer\TransformUtils.cpp">
      <Filter>Source Files\renderer</Filter>
    </ClCompile>
    <ClCompile Include="..\SVGDemo\SVGMain\SVGElement.cpp">
      <Filter>Source Files\graphics</Filter>
    </ClCompile>
  </ItemGroup>
  <ItemGroup>
    <None Include="..\SVGDemo\SVGMain\sample\sample.svg">
      <Filter>Resource Files</Filter>
    </None>
  </ItemGroup>
</Project>