<?xml version="1.0" encoding="utf-8"?>
<Project ToolsVersion="4.0" xmlns="http://schemas.microsoft.com/developer/msbuild/2003">
  <ItemGroup>
    <Filter Include="Source Files">
      <UniqueIdentifier>{4FC737F1-C7A5-4376-A066-2A32D752A2FF}</UniqueIdentifier>
      <Extensions>cpp;c;cc;cxx;c++;cppm;ixx;def;odl;idl;hpj;bat;asm;asmx</Extensions>
    </Filter>
    <Filter Include="Header Files">
      <UniqueIdentifier>{93995380-89BD-4b04-88EB-625FBE52EBFB}</UniqueIdentifier>
      <Extensions>h;hh;hpp;hxx;h++;hm;inl;inc;ipp;xsd</Extensions>
    </Filter>
    <Filter Include="Resource Files">
      <UniqueIdentifier>{67DA6AB6-F800-4c08-8B7A-83BB121AAD01}</UniqueIdentifier>
      <Extensions>rc;ico;cur;bmp;dlg;rc2;rct;bin;rgs;gif;jpg;jpeg;jpe;resx;tiff;tif;png;wav;mfcribbon-ms</Extensions>
    </Filter>
  </ItemGroup>
  <ItemGroup>
    <ClInclude Include="..\SVGDemo\SVGMain\Graphics.hpp">
      <Filter>Header Files</Filter>
    </ClInclude>
    <ClInclude Include="..\SVGDemo\SVGMain\Parser.h">
      <Filter>Header Files</Filter>
    </ClInclude>
    <ClInclude Include="..\SVGDemo\SVGMain\Renderer.hpp">
      <Filter>Header Files</Filter>
    </ClInclude>
    <ClInclude Include="..\SVGDemo\SVGMain\SVGElement.h">
      <Filter>Header Files</Filter>
    </ClInclude>
    <ClInclude Include="..\SVGDemo\SVGMain\Viewer.hpp">
      <Filter>Header Files</Filter>
    </ClInclude>
    <ClInclude Include="..\SVGDemo\SVGMain\resource.h">
      <Filter>Header Files</Filter>
    </ClInclude>
    <ClInclude Include="..\SVGDemo\SVGMain\SVGDemo.h">
      <Filter>Header Files</Filter>
    </ClInclude>
    <ClInclude Include="..\SVGDemo\SVGMain\graphics\Circle.h">
      <Filter>Header Files</Filter>
    </ClInclude>
    <ClInclude Include="..\SVGDemo\SVGMain\graphics\ColorShape.h">
      <Filter>Header Files</Filter>
    </ClInclude>
    <ClInclude Include="..\SVGDemo\SVGMain\graphics\Ellipse.h">
      <Filter>Header Files</Filter>
    </ClInclude>
    <ClInclude Include="..\SVGDemo\SVGMain\graphics\GdiHelper.h">
      <Filter>Header Files</Filter>
    </ClInclude>
    <ClInclude Include="..\SVGDemo\SVGMain\graphics\Gradient.h">
      <Filter>Header Files</Filter>
    </ClInclude>
    <ClInclude Include="..\SVGDemo\SVGMain\graphics\Group.h">
      <Filter>Header Files</Filter>
    </ClInclude>
    <ClInclude Include="..\SVGDemo\SVGMain\graphics\Line.h">
      <Filter>Header Files</Filter>
    </ClInclude>
    <ClInclude Include="..\SVGDemo\SVGMain\graphics\LinearGradient.h">
      <Filter>Header Files</Filter>
    </ClInclude>
    <ClInclude Include="..\SVGDemo\SVGMain\graphics\Path.h">
      <Filter>Header Files</Filter>
    </ClInclude>
    <ClInclude Include="..\SVGDemo\SVGMain\graphics\Polygon.h">
      <Filter>Header Files</Filter>
    </ClInclude>
    <ClInclude Include="..\SVGDemo\SVGMain\graphics\PolyLine.h">
      <Filter>Header Files</Filter>
    </ClInclude>
    <ClInclude Include="..\SVGDemo\SVGMain\graphics\PolyShape.h">
      <Filter>Header Files</Filter>
    </ClInclude>
    <ClInclude Include="..\SVGDemo\SVGMain\graphics\RadialGradient.h">
      <Filter>Header Files</Filter>
    </ClInclude>
    <ClInclude Include="..\SVGDemo\SVGMain\graphics\Rectangle.h">
      <Filter>Header Files</Filter>
    </ClInclude>
    <ClInclude Include="..\SVGDemo\SVGMain\graphics\stdafx.h">
      <Filter>Header Files</Filter>
    </ClInclude>
    <ClInclude Include="..\SVGDemo\SVGMain\graphics\Stop.h">
      <Filter>Header Files</Filter>
    </ClInclude>
    <ClInclude Include="..\SVGDemo\SVGMain\graphics\targetver.h">
      <Filter>Header Files</Filter>
    </ClInclude>
    <ClInclude Include="..\SVGDemo\SVGMain\graphics\Text.h">
      <Filter>Header Files</Filter>
    </ClInclude>
    <ClInclude Include="..\SVGDemo\SVGMain\graphics\Vector2D.hpp">
      <Filter>Header Files</Filter>
    </ClInclude>
    <ClInclude Include="..\SVGDemo\SVGMain\graphics\Viewbox.h">
      <Filter>Header Files</Filter>
    </ClInclude>
    <ClInclude Include="..\SVGDemo\SVGMain\renderer\BrushUtils.h">
      <Filter>Header Files</Filter>
    </ClInclude>
    <ClInclude Include="..\SVGDemo\SVGMain\renderer\DrawShape.h">
      <Filter>Header Files</Filter>
    </ClInclude>
    <ClInclude Include="..\SVGDemo\SVGMain\renderer\Renderer2.hpp">
      <Filter>Header Files</Filter>
    </ClInclude>
    <ClInclude Include="..\SVGDemo\SVGMain\renderer\TransformUtils.h">
      <Filter>Header Files</Filter>
    </ClInclude>
    <ClInclude Include="..\SVGDemo\external\rapidxml\rapidxml.hpp">
      <Filter>Header Files</Filter>
    </ClInclude>
    <ClInclude Include="..\SVGDemo\external\rapidxml\rapidxml_iterators.hpp">
      <Filter>Header Files</Filter>
    </ClInclude>
    <ClInclude Include="..\SVGDemo\external\rapidxml\rapidxml_print.hpp">
      <Filter>Header Files</Filter>
    </ClInclude>
    <ClInclude Include="..\SVGDemo\external\rapidxml\rapidxml_utils.hpp">
      <Filter>Header Files</Filter>
    </ClInclude>
  </ItemGroup>
  <ItemGroup>
    <ClCompile Include="..\SVGDemo\SVGMain\main.cpp">
      <Filter>Source Files</Filter>
    </ClCompile>
    <ClCompile Include="..\SVGDemo\SVGMain\Parser.cpp">
      <Filter>Source Files</Filter>
    </ClCompile>
    <ClCompile Include="..\SVGDemo\SVGMain\Renderer.cpp">
      <Filter>Source Files</Filter>
    </ClCompile>
    <ClCompile Include="..\SVGDemo\SVGMain\SVGElement.cpp">
      <Filter>Source Files</Filter>
    </ClCompile>
    <ClCompile Include="..\SVGDemo\SVGMain\Viewer.cpp">
      <Filter>Source Files</Filter>
    </ClCompile>
    <ClCompile Include="..\SVGDemo\SVGMain\SVGDemo.cpp">
      <Filter>Source Files</Filter>
    </ClCompile>
    <ClCompile Include="..\SVGDemo\SVGMain\graphics\Circle.cpp">
      <Filter>Source Files</Filter>
    </ClCompile>
    <ClCompile Include="..\SVGDemo\SVGMain\graphics\ColorShape.cpp">
      <Filter>Source Files</Filter>
    </ClCompile>
    <ClCompile Include="..\SVGDemo\SVGMain\graphics\Ellipse.cpp">
      <Filter>Source Files</Filter>
    </ClCompile>
    <ClCompile Include="..\SVGDemo\SVGMain\graphics\Gradient.cpp">
      <Filter>Source Files</Filter>
    </ClCompile>
    <ClCompile Include="..\SVGDemo\SVGMain\graphics\Group.cpp">
      <Filter>Source Files</Filter>
    </ClCompile>
    <ClCompile Include="..\SVGDemo\SVGMain\graphics\Line.cpp">
      <Filter>Source Files</Filter>
    </ClCompile>
    <ClCompile Include="..\SVGDemo\SVGMain\graphics\LinearGradient.cpp">
      <Filter>Source Files</Filter>
    </ClCompile>
    <ClCompile Include="..\SVGDemo\SVGMain\graphics\Path.cpp">
      <Filter>Source Files</Filter>
    </ClCompile>
    <ClCompile Include="..\SVGDemo\SVGMain\graphics\Polygon.cpp">
      <Filter>Source Files</Filter>
    </ClCompile>
    <ClCompile Include="..\SVGDemo\SVGMain\graphics\PolyLine.cpp">
      <Filter>Source Files</Filter>
    </ClCompile>
    <ClCompile Include="..\SVGDemo\SVGMain\graphics\PolyShape.cpp">
      <Filter>Source Files</Filter>
    </ClCompile>
    <ClCompile Include="..\SVGDemo\SVGMain\graphics\RadialGradient.cpp">
      <Filter>Source Files</Filter>
    </ClCompile>
    <ClCompile Include="..\SVGDemo\SVGMain\graphics\Rectangle.cpp">
      <Filter>Source Files</Filter>
    </ClCompile>
    <ClCompile Include="..\SVGDemo\SVGMain\graphics\stdafx.cpp">
      <Filter>Source Files</Filter>
    </ClCompile>
    <ClCompile Include="..\SVGDemo\SVGMain\graphics\Stop.cpp">
      <Filter>Source Files</Filter>
    </ClCompile>
    <ClCompile Include="..\SVGDemo\SVGMain\graphics\Text.cpp">
      <Filter>Source Files</Filter>
    </ClCompile>
    <ClCompile Include="..\SVGDemo\SVGMain\graphics\Viewbox.cpp">
      <Filter>Source Files</Filter>
    </ClCompile>
    <ClCompile Include="..\SVGDemo\SVGMain\renderer\BrushUtils.cpp">
      <Filter>Source Files</Filter>
    </ClCompile>
    <ClCompile Include="..\SVGDemo\SVGMain\renderer\DrawShape.cpp">
      <Filter>Source Files</Filter>
    </ClCompile>
    <ClCompile Include="..\SVGDemo\SVGMain\renderer\Renderer2.cpp">
      <Filter>Source Files</Filter>
    </ClCompile>
    <ClCompile Include="..\SVGDemo\SVGMain\renderer\TransformUtils.cpp">
      <Filter>Source Files</Filter>
    </ClCompile>
  </ItemGroup>
  <ItemGroup>
    <Text Include="..\SVGDemo\SVGMain\graphics\Color.txt" />
  </ItemGroup>
  <ItemGroup>
    <None Include="..\SVGDemo\SVGMain\sample\sample.svg" />
  </ItemGroup>
</Project>